
Microsoft Visual Studio Solution File, Format Version 12.00
# Visual Studio Version 16
VisualStudioVersion = 16.0.30523.141
MinimumVisualStudioVersion = 10.0.40219.1
Project("{9A19103F-16F7-4668-BE54-9A1E7A4F7556}") = "MediatR.CQRS.Core", "MediatR.CQRS.Core\MediatR.CQRS.Core.csproj", "{2270FFAF-D7E5-4C11-9019-24FA326B1DCF}"
EndProject
Project("{FAE04EC0-301F-11D3-BF4B-00C04F79EFBC}") = "Services", "Services\Services.csproj", "{091FE327-E28A-4E04-A2D1-2E6C8D354CD0}"
EndProject
Global
	GlobalSection(SolutionConfigurationPlatforms) = preSolution
		Debug|Any CPU = Debug|Any CPU
		Release|Any CPU = Release|Any CPU
	EndGlobalSection
	GlobalSection(ProjectConfigurationPlatforms) = postSolution
		{2270FFAF-D7E5-4C11-9019-24FA326B1DCF}.Debug|Any CPU.ActiveCfg = Debug|Any CPU
		{2270FFAF-D7E5-4C11-9019-24FA326B1DCF}.Debug|Any CPU.Build.0 = Debug|Any CPU
		{2270FFAF-D7E5-4C11-9019-24FA326B1DCF}.Release|Any CPU.ActiveCfg = Release|Any CPU
		{2270FFAF-D7E5-4C11-9019-24FA326B1DCF}.Release|Any CPU.Build.0 = Release|Any CPU
		{091FE327-E28A-4E04-A2D1-2E6C8D354CD0}.Debug|Any CPU.ActiveCfg = Debug|Any CPU
		{091FE327-E28A-4E04-A2D1-2E6C8D354CD0}.Debug|Any CPU.Build.0 = Debug|Any CPU
		{091FE327-E28A-4E04-A2D1-2E6C8D354CD0}.Release|Any CPU.ActiveCfg = Release|Any CPU
		{091FE327-E28A-4E04-A2D1-2E6C8D354CD0}.Release|Any CPU.Build.0 = Release|Any CPU
	EndGlobalSection
	GlobalSection(SolutionProperties) = preSolution
		HideSolutionNode = FALSE
	EndGlobalSection
	GlobalSection(ExtensibilityGlobals) = postSolution
		SolutionGuid = {E046B462-C3E9-4022-BE88-63546EB4C15C}
	EndGlobalSection
EndGlobal
